<?xml version="1.0" encoding="UTF-8" standalone="yes" ?>
<CodeBlocks_project_file>
	<FileVersion major="1" minor="6" />
	<Project>
		<Option title="cobject-client" />
		<Option pch_mode="2" />
		<Option compiler="gcc" />
		<Build>
			<Target title="Debug">
				<Option output="bin/Debug/cobject-client" prefix_auto="1" extension_auto="1" />
				<Option object_output="obj/Debug/" />
				<Option type="1" />
				<Option compiler="gcc" />
				<Compiler>
					<Add option="-g" />
				</Compiler>
			</Target>
			<Target title="Release">
				<Option output="bin/Release/cobject-client" prefix_auto="1" extension_auto="1" />
				<Option object_output="obj/Release/" />
				<Option type="1" />
				<Option compiler="gcc" />
				<Compiler>
					<Add option="-O2" />
				</Compiler>
				<Linker>
					<Add option="-s" />
				</Linker>
			</Target>
			<Target title="Debug Library">
				<Option output="bin/DebugLib/libcobject-client" prefix_auto="1" extension_auto="1" />
				<Option working_dir="" />
				<Option object_output="obj/DebugLib/" />
				<Option type="2" />
				<Option compiler="gcc" />
				<Compiler>
					<Add option="-g" />
				</Compiler>
			</Target>
			<Target title="Release Library">
				<Option output="bin/ReleaseLib/libcobject-client" prefix_auto="1" extension_auto="1" />
				<Option working_dir="" />
				<Option object_output="obj/ReleaseLib/" />
				<Option type="2" />
				<Option compiler="gcc" />
				<Compiler>
					<Add option="-O2" />
				</Compiler>
				<Linker>
					<Add option="-s" />
				</Linker>
			</Target>
		</Build>
		<Compiler>
			<Add option="-Wall" />
			<Add option="-fexceptions" />
			<Add option="-DCO_CLIENT" />
			<Add directory="../meta" />
			<Add directory="../cobject-shared" />
		</Compiler>
		<Linker>
			<Add library="../meta/bin/DebugLib/libmeta.a" />
			<Add library="boost_system" />
			<Add library="boost_filesystem" />
			<Add library="pthread" />
			<Add library="boost_thread" />
		</Linker>
		<Unit filename="connection.cpp" />
		<Unit filename="connection.hpp" />
		<Unit filename="foreach.hpp" />
		<Unit filename="future.hpp" />
		<Unit filename="handlemessage.cpp">
			<Option compile="0" />
			<Option link="0" />
		</Unit>
		<Unit filename="handlemessage.hpp" />
		<Unit filename="main.cpp">
			<Option target="Debug" />
			<Option target="Release" />
		</Unit>
		<Unit filename="metaext.cpp" />
		<Unit filename="metaext.hpp" />
		<Unit filename="runcall.cpp" />
		<Unit filename="runcall.hpp" />
		<Unit filename="testclass.cpp">
			<Option target="Debug" />
			<Option target="Release" />
		</Unit>
		<Unit filename="testclass.hpp">
			<Option target="Debug" />
			<Option target="Release" />
		</Unit>
		<Unit filename="../cobject-shared/messages.hpp" />
		<Unit filename="../cobject-shared/serialize.cpp" />
		<Unit filename="../cobject-shared/serialize.hpp" />
		<Unit filename="../cobject-shared/typemap.cpp" />
		<Unit filename="../cobject-shared/typemap.hpp" />
		<Extensions>
			<code_completion />
			<debugger />
		</Extensions>
	</Project>
</CodeBlocks_project_file>
